
Microsoft Visual Studio Solution File, Format Version 12.00
# Visual Studio Version 16
VisualStudioVersion = 16.0.31402.337
MinimumVisualStudioVersion = 10.0.40219.1
Project("{FAE04EC0-301F-11D3-BF4B-00C04F79EFBC}") = "se_remote", "se_remote\se_remote.csproj", "{1EEEA32B-947A-4347-84D2-35765C20052A}"
EndProject
Global
	GlobalSection(SolutionConfigurationPlatforms) = preSolution
		Debug|Any CPU = Debug|Any CPU
		Release|Any CPU = Release|Any CPU
	EndGlobalSection
	GlobalSection(ProjectConfigurationPlatforms) = postSolution
		{1EEEA32B-947A-4347-84D2-35765C20052A}.Debug|Any CPU.ActiveCfg = Debug|Any CPU
		{1EEEA32B-947A-4347-84D2-35765C20052A}.Debug|Any CPU.Build.0 = Debug|Any CPU
		{1EEEA32B-947A-4347-84D2-35765C20052A}.Release|Any CPU.ActiveCfg = Release|Any CPU
		{1EEEA32B-947A-4347-84D2-35765C20052A}.Release|Any CPU.Build.0 = Release|Any CPU
	EndGlobalSection
	GlobalSection(SolutionProperties) = preSolution
		HideSolutionNode = FALSE
	EndGlobalSection
	GlobalSection(ExtensibilityGlobals) = postSolution
		SolutionGuid = {1D35411B-A3F0-4D3F-BDD8-B0C676528983}
	EndGlobalSection
EndGlobal
